
Microsoft Visual Studio Solution File, Format Version 12.00
# Visual Studio Version 17
VisualStudioVersion = 17.4.33213.308
MinimumVisualStudioVersion = 10.0.40219.1
Project("{9A19103F-16F7-4668-BE54-9A1E7A4F7556}") = "FacilitiesAPI", "FacilitiesAPI\FacilitiesAPI.csproj", "{B3E14D08-17A0-4A5E-B233-A8E9C1ACB927}"
EndProject
Project("{2150E333-8FDC-42A3-9474-1A3956D46DE8}") = "DAL", "DAL", "{0DB5F08D-48EC-4418-9178-9B79C5970D4B}"
EndProject
Project("{2150E333-8FDC-42A3-9474-1A3956D46DE8}") = "Domain", "Domain", "{5CF32FF7-98CC-45BF-9958-3C3FA3445267}"
EndProject
Project("{9A19103F-16F7-4668-BE54-9A1E7A4F7556}") = "FacilitiesAPI.DAL", "FacilitiesAPI.DAL\FacilitiesAPI.DAL.csproj", "{7F2F6B2E-4AB4-4039-8985-E50A9909C020}"
EndProject
Project("{FAE04EC0-301F-11D3-BF4B-00C04F79EFBC}") = "FacilitiesAPI.Domain", "FacilitiesAPI.Domain\FacilitiesAPI.Domain.csproj", "{D16E1BFC-9557-4E0A-A041-3C3021868718}"
EndProject
Global
	GlobalSection(SolutionConfigurationPlatforms) = preSolution
		Debug|Any CPU = Debug|Any CPU
		Release|Any CPU = Release|Any CPU
	EndGlobalSection
	GlobalSection(ProjectConfigurationPlatforms) = postSolution
		{B3E14D08-17A0-4A5E-B233-A8E9C1ACB927}.Debug|Any CPU.ActiveCfg = Debug|Any CPU
		{B3E14D08-17A0-4A5E-B233-A8E9C1ACB927}.Debug|Any CPU.Build.0 = Debug|Any CPU
		{B3E14D08-17A0-4A5E-B233-A8E9C1ACB927}.Release|Any CPU.ActiveCfg = Release|Any CPU
		{B3E14D08-17A0-4A5E-B233-A8E9C1ACB927}.Release|Any CPU.Build.0 = Release|Any CPU
		{7F2F6B2E-4AB4-4039-8985-E50A9909C020}.Debug|Any CPU.ActiveCfg = Debug|Any CPU
		{7F2F6B2E-4AB4-4039-8985-E50A9909C020}.Debug|Any CPU.Build.0 = Debug|Any CPU
		{7F2F6B2E-4AB4-4039-8985-E50A9909C020}.Release|Any CPU.ActiveCfg = Release|Any CPU
		{7F2F6B2E-4AB4-4039-8985-E50A9909C020}.Release|Any CPU.Build.0 = Release|Any CPU
		{D16E1BFC-9557-4E0A-A041-3C3021868718}.Debug|Any CPU.ActiveCfg = Debug|Any CPU
		{D16E1BFC-9557-4E0A-A041-3C3021868718}.Debug|Any CPU.Build.0 = Debug|Any CPU
		{D16E1BFC-9557-4E0A-A041-3C3021868718}.Release|Any CPU.ActiveCfg = Release|Any CPU
		{D16E1BFC-9557-4E0A-A041-3C3021868718}.Release|Any CPU.Build.0 = Release|Any CPU
	EndGlobalSection
	GlobalSection(SolutionProperties) = preSolution
		HideSolutionNode = FALSE
	EndGlobalSection
	GlobalSection(NestedProjects) = preSolution
		{7F2F6B2E-4AB4-4039-8985-E50A9909C020} = {0DB5F08D-48EC-4418-9178-9B79C5970D4B}
		{D16E1BFC-9557-4E0A-A041-3C3021868718} = {5CF32FF7-98CC-45BF-9958-3C3FA3445267}
	EndGlobalSection
	GlobalSection(ExtensibilityGlobals) = postSolution
		SolutionGuid = {7908C15C-2C3E-4D78-B206-8F13128E0F9B}
	EndGlobalSection
EndGlobal
